
Microsoft Visual Studio Solution File, Format Version 12.00
# Visual Studio 15
VisualStudioVersion = 15.0.27703.2000
MinimumVisualStudioVersion = 10.0.40219.1
Project("{9A19103F-16F7-4668-BE54-9A1E7A4F7556}") = "Portfolio", "Portfolio\Portfolio.csproj", "{37862436-BE4D-4897-8D38-13C56BF14209}"
EndProject
Global
	GlobalSection(SolutionConfigurationPlatforms) = preSolution
		Debug|Any CPU = Debug|Any CPU
		Release|Any CPU = Release|Any CPU
	EndGlobalSection
	GlobalSection(ProjectConfigurationPlatforms) = postSolution
		{37862436-BE4D-4897-8D38-13C56BF14209}.Debug|Any CPU.ActiveCfg = Debug|Any CPU
		{37862436-BE4D-4897-8D38-13C56BF14209}.Debug|Any CPU.Build.0 = Debug|Any CPU
		{37862436-BE4D-4897-8D38-13C56BF14209}.Release|Any CPU.ActiveCfg = Release|Any CPU
		{37862436-BE4D-4897-8D38-13C56BF14209}.Release|Any CPU.Build.0 = Release|Any CPU
	EndGlobalSection
	GlobalSection(SolutionProperties) = preSolution
		HideSolutionNode = FALSE
	EndGlobalSection
	GlobalSection(ExtensibilityGlobals) = postSolution
		SolutionGuid = {97D30EBD-BB16-4F11-8169-648A22F97079}
	EndGlobalSection
EndGlobal
